
Microsoft Visual Studio Solution File, Format Version 12.00
# Visual Studio 2013
VisualStudioVersion = 12.0.30723.0
MinimumVisualStudioVersion = 10.0.40219.1
Project("{FAE04EC0-301F-11D3-BF4B-00C04F79EFBC}") = "DemoTestApplication", "DemoTestApplication\DemoTestApplication.csproj", "{7E80B086-F050-4F77-AB09-96DA3CD81861}"
EndProject
Project("{FAE04EC0-301F-11D3-BF4B-00C04F79EFBC}") = "DemoTestApplicationTest", "DemoTestApplicationTest\DemoTestApplicationTest.csproj", "{898D1B96-216A-4C42-984A-E365B7CD6A9B}"
EndProject
Global
	GlobalSection(SolutionConfigurationPlatforms) = preSolution
		Debug|Any CPU = Debug|Any CPU
		Release|Any CPU = Release|Any CPU
	EndGlobalSection
	GlobalSection(ProjectConfigurationPlatforms) = postSolution
		{7E80B086-F050-4F77-AB09-96DA3CD81861}.Debug|Any CPU.ActiveCfg = Debug|Any CPU
		{7E80B086-F050-4F77-AB09-96DA3CD81861}.Debug|Any CPU.Build.0 = Debug|Any CPU
		{7E80B086-F050-4F77-AB09-96DA3CD81861}.Release|Any CPU.ActiveCfg = Release|Any CPU
		{7E80B086-F050-4F77-AB09-96DA3CD81861}.Release|Any CPU.Build.0 = Release|Any CPU
		{898D1B96-216A-4C42-984A-E365B7CD6A9B}.Debug|Any CPU.ActiveCfg = Debug|Any CPU
		{898D1B96-216A-4C42-984A-E365B7CD6A9B}.Debug|Any CPU.Build.0 = Debug|Any CPU
		{898D1B96-216A-4C42-984A-E365B7CD6A9B}.Release|Any CPU.ActiveCfg = Release|Any CPU
		{898D1B96-216A-4C42-984A-E365B7CD6A9B}.Release|Any CPU.Build.0 = Release|Any CPU
	EndGlobalSection
	GlobalSection(SolutionProperties) = preSolution
		HideSolutionNode = FALSE
	EndGlobalSection
EndGlobal
